
Microsoft Visual Studio Solution File, Format Version 12.00
# Visual Studio Version 17
VisualStudioVersion = 17.7.34031.279
MinimumVisualStudioVersion = 10.0.40219.1
Project("{FAE04EC0-301F-11D3-BF4B-00C04F79EFBC}") = "SHADOW", "SHADOW\SHADOW.csproj", "{D239E047-3232-4C92-87D7-43E8869EEB8D}"
EndProject
Global
	GlobalSection(SolutionConfigurationPlatforms) = preSolution
		Debug|Any CPU = Debug|Any CPU
		Release|Any CPU = Release|Any CPU
	EndGlobalSection
	GlobalSection(ProjectConfigurationPlatforms) = postSolution
		{D239E047-3232-4C92-87D7-43E8869EEB8D}.Debug|Any CPU.ActiveCfg = Debug|Any CPU
		{D239E047-3232-4C92-87D7-43E8869EEB8D}.Debug|Any CPU.Build.0 = Debug|Any CPU
		{D239E047-3232-4C92-87D7-43E8869EEB8D}.Release|Any CPU.ActiveCfg = Release|Any CPU
		{D239E047-3232-4C92-87D7-43E8869EEB8D}.Release|Any CPU.Build.0 = Release|Any CPU
	EndGlobalSection
	GlobalSection(SolutionProperties) = preSolution
		HideSolutionNode = FALSE
	EndGlobalSection
	GlobalSection(ExtensibilityGlobals) = postSolution
		SolutionGuid = {887C88A5-2FDF-4AC8-B24F-123F6B394EA7}
	EndGlobalSection
EndGlobal
